
Microsoft Visual Studio Solution File, Format Version 12.00
# Visual Studio 2013
VisualStudioVersion = 12.0.40629.0
MinimumVisualStudioVersion = 10.0.40219.1
Project("{FAE04EC0-301F-11D3-BF4B-00C04F79EFBC}") = "WebApi2014224", "WebApi2014224\WebApi2014224.csproj", "{DC82B456-6103-4A98-93A3-2BB1E68367F8}"
EndProject
Project("{FAE04EC0-301F-11D3-BF4B-00C04F79EFBC}") = "WS-Frontend", "WS-Frontend\WS-Frontend.csproj", "{BCA398DC-AB69-4CCE-A5EF-CDA39A89F48D}"
EndProject
Global
	GlobalSection(SolutionConfigurationPlatforms) = preSolution
		Debug|Any CPU = Debug|Any CPU
		Release|Any CPU = Release|Any CPU
	EndGlobalSection
	GlobalSection(ProjectConfigurationPlatforms) = postSolution
		{DC82B456-6103-4A98-93A3-2BB1E68367F8}.Debug|Any CPU.ActiveCfg = Debug|Any CPU
		{DC82B456-6103-4A98-93A3-2BB1E68367F8}.Debug|Any CPU.Build.0 = Debug|Any CPU
		{DC82B456-6103-4A98-93A3-2BB1E68367F8}.Release|Any CPU.ActiveCfg = Release|Any CPU
		{DC82B456-6103-4A98-93A3-2BB1E68367F8}.Release|Any CPU.Build.0 = Release|Any CPU
		{BCA398DC-AB69-4CCE-A5EF-CDA39A89F48D}.Debug|Any CPU.ActiveCfg = Debug|Any CPU
		{BCA398DC-AB69-4CCE-A5EF-CDA39A89F48D}.Debug|Any CPU.Build.0 = Debug|Any CPU
		{BCA398DC-AB69-4CCE-A5EF-CDA39A89F48D}.Release|Any CPU.ActiveCfg = Release|Any CPU
		{BCA398DC-AB69-4CCE-A5EF-CDA39A89F48D}.Release|Any CPU.Build.0 = Release|Any CPU
	EndGlobalSection
	GlobalSection(SolutionProperties) = preSolution
		HideSolutionNode = FALSE
	EndGlobalSection
EndGlobal
